// !$*UTF8*$!
{
	archiveVersion = 1;
	classes = {
	};
	objectVersion = 50;
	objects = {

/* Begin PBXBuildFile section */
		3716014324AF4D6600ABFD9A /* RegisterPageView.swift in Sources */ = {isa = PBXBuildFile; fileRef = 3716014224AF4D6600ABFD9A /* RegisterPageView.swift */; };
		3754E8C524AE114D0053EF3B /* facebook-logo.png in Resources */ = {isa = PBXBuildFile; fileRef = 3754E8C424AE114D0053EF3B /* facebook-logo.png */; };
		3754E8C724AE12550053EF3B /* google-logo.png in Resources */ = {isa = PBXBuildFile; fileRef = 3754E8C624AE12550053EF3B /* google-logo.png */; };
		3754E8C924AE182F0053EF3B /* logo.png in Resources */ = {isa = PBXBuildFile; fileRef = 3754E8C824AE182F0053EF3B /* logo.png */; };
		3754E8CB24AE1C8E0053EF3B /* logo-dark.png in Resources */ = {isa = PBXBuildFile; fileRef = 3754E8CA24AE1C8E0053EF3B /* logo-dark.png */; };
		375EA2A824AC5FBD00869C9A /* Colors.xcassets in Resources */ = {isa = PBXBuildFile; fileRef = 375EA2A724AC5FBD00869C9A /* Colors.xcassets */; };
		37C50D9724ABA36F0024BC4B /* AppDelegate.swift in Sources */ = {isa = PBXBuildFile; fileRef = 37C50D9624ABA36F0024BC4B /* AppDelegate.swift */; };
		37C50D9924ABA36F0024BC4B /* SceneDelegate.swift in Sources */ = {isa = PBXBuildFile; fileRef = 37C50D9824ABA36F0024BC4B /* SceneDelegate.swift */; };
		37C50D9B24ABA36F0024BC4B /* ContentView.swift in Sources */ = {isa = PBXBuildFile; fileRef = 37C50D9A24ABA36F0024BC4B /* ContentView.swift */; };
		37C50D9D24ABA3710024BC4B /* Assets.xcassets in Resources */ = {isa = PBXBuildFile; fileRef = 37C50D9C24ABA3710024BC4B /* Assets.xcassets */; };
		37C50DA024ABA3710024BC4B /* Preview Assets.xcassets in Resources */ = {isa = PBXBuildFile; fileRef = 37C50D9F24ABA3710024BC4B /* Preview Assets.xcassets */; };
		37C50DA324ABA3710024BC4B /* LaunchScreen.storyboard in Resources */ = {isa = PBXBuildFile; fileRef = 37C50DA124ABA3710024BC4B /* LaunchScreen.storyboard */; };
		37C50DAC24ABA6440024BC4B /* CustomInputField.swift in Sources */ = {isa = PBXBuildFile; fileRef = 37C50DAB24ABA6440024BC4B /* CustomInputField.swift */; };
		37C50DAE24ABAAAA0024BC4B /* LoginPageView.swift in Sources */ = {isa = PBXBuildFile; fileRef = 37C50DAD24ABAAAA0024BC4B /* LoginPageView.swift */; };
		37C5C9B024ACBC4E00EB1558 /* CustomButton.swift in Sources */ = {isa = PBXBuildFile; fileRef = 37C5C9AF24ACBC4E00EB1558 /* CustomButton.swift */; };
		37DC47E324AC755D00FA8459 /* CustomDivider.swift in Sources */ = {isa = PBXBuildFile; fileRef = 37DC47E224AC755D00FA8459 /* CustomDivider.swift */; };
/* End PBXBuildFile section */

/* Begin PBXFileReference section */
		3716014224AF4D6600ABFD9A /* RegisterPageView.swift */ = {isa = PBXFileReference; lastKnownFileType = sourcecode.swift; path = RegisterPageView.swift; sourceTree = "<group>"; };
		3754E8C424AE114D0053EF3B /* facebook-logo.png */ = {isa = PBXFileReference; lastKnownFileType = image.png; path = "facebook-logo.png"; sourceTree = "<group>"; };
		3754E8C624AE12550053EF3B /* google-logo.png */ = {isa = PBXFileReference; lastKnownFileType = image.png; path = "google-logo.png"; sourceTree = "<group>"; };
		3754E8C824AE182F0053EF3B /* logo.png */ = {isa = PBXFileReference; lastKnownFileType = image.png; path = logo.png; sourceTree = "<group>"; };
		3754E8CA24AE1C8E0053EF3B /* logo-dark.png */ = {isa = PBXFileReference; lastKnownFileType = image.png; path = "logo-dark.png"; sourceTree = "<group>"; };
		375EA2A724AC5FBD00869C9A /* Colors.xcassets */ = {isa = PBXFileReference; lastKnownFileType = folder.assetcatalog; path = Colors.xcassets; sourceTree = "<group>"; };
		37C50D9324ABA36F0024BC4B /* secretchat.app */ = {isa = PBXFileReference; explicitFileType = wrapper.application; includeInIndex = 0; path = secretchat.app; sourceTree = BUILT_PRODUCTS_DIR; };
		37C50D9624ABA36F0024BC4B /* AppDelegate.swift */ = {isa = PBXFileReference; lastKnownFileType = sourcecode.swift; path = AppDelegate.swift; sourceTree = "<group>"; };
		37C50D9824ABA36F0024BC4B /* SceneDelegate.swift */ = {isa = PBXFileReference; lastKnownFileType = sourcecode.swift; path = SceneDelegate.swift; sourceTree = "<group>"; };
		37C50D9A24ABA36F0024BC4B /* ContentView.swift */ = {isa = PBXFileReference; lastKnownFileType = sourcecode.swift; path = ContentView.swift; sourceTree = "<group>"; };
		37C50D9C24ABA3710024BC4B /* Assets.xcassets */ = {isa = PBXFileReference; lastKnownFileType = folder.assetcatalog; path = Assets.xcassets; sourceTree = "<group>"; };
		37C50D9F24ABA3710024BC4B /* Preview Assets.xcassets */ = {isa = PBXFileReference; lastKnownFileType = folder.assetcatalog; path = "Preview Assets.xcassets"; sourceTree = "<group>"; };
		37C50DA224ABA3710024BC4B /* Base */ = {isa = PBXFileReference; lastKnownFileType = file.storyboard; name = Base; path = Base.lproj/LaunchScreen.storyboard; sourceTree = "<group>"; };
		37C50DA424ABA3710024BC4B /* Info.plist */ = {isa = PBXFileReference; lastKnownFileType = text.plist.xml; path = Info.plist; sourceTree = "<group>"; };
		37C50DAB24ABA6440024BC4B /* CustomInputField.swift */ = {isa = PBXFileReference; lastKnownFileType = sourcecode.swift; path = CustomInputField.swift; sourceTree = "<group>"; };
		37C50DAD24ABAAAA0024BC4B /* LoginPageView.swift */ = {isa = PBXFileReference; lastKnownFileType = sourcecode.swift; path = LoginPageView.swift; sourceTree = "<group>"; };
		37C5C9AF24ACBC4E00EB1558 /* CustomButton.swift */ = {isa = PBXFileReference; lastKnownFileType = sourcecode.swift; path = CustomButton.swift; sourceTree = "<group>"; };
		37DC47E224AC755D00FA8459 /* CustomDivider.swift */ = {isa = PBXFileReference; lastKnownFileType = sourcecode.swift; path = CustomDivider.swift; sourceTree = "<group>"; };
/* End PBXFileReference section */

/* Begin PBXFrameworksBuildPhase section */
		37C50D9024ABA36F0024BC4B /* Frameworks */ = {
			isa = PBXFrameworksBuildPhase;
			buildActionMask = 2147483647;
			files = (
			);
			runOnlyForDeploymentPostprocessing = 0;
		};
/* End PBXFrameworksBuildPhase section */

/* Begin PBXGroup section */
		3716014424AF779900ABFD9A /* Views */ = {
			isa = PBXGroup;
			children = (
				37C50DAD24ABAAAA0024BC4B /* LoginPageView.swift */,
				3716014224AF4D6600ABFD9A /* RegisterPageView.swift */,
			);
			path = Views;
			sourceTree = "<group>";
		};
		375EA2A624AC5F9E00869C9A /* Resources */ = {
			isa = PBXGroup;
			children = (
				37DC47E424AC7FEC00FA8459 /* Images */,
				37C50D9C24ABA3710024BC4B /* Assets.xcassets */,
				375EA2A724AC5FBD00869C9A /* Colors.xcassets */,
			);
			path = Resources;
			sourceTree = "<group>";
		};
		37C50D8A24ABA36F0024BC4B = {
			isa = PBXGroup;
			children = (
				37C50D9524ABA36F0024BC4B /* secretchat */,
				37C50D9424ABA36F0024BC4B /* Products */,
			);
			sourceTree = "<group>";
		};
		37C50D9424ABA36F0024BC4B /* Products */ = {
			isa = PBXGroup;
			children = (
				37C50D9324ABA36F0024BC4B /* secretchat.app */,
			);
			name = Products;
			sourceTree = "<group>";
		};
		37C50D9524ABA36F0024BC4B /* secretchat */ = {
			isa = PBXGroup;
			children = (
				3716014424AF779900ABFD9A /* Views */,
				375EA2A624AC5F9E00869C9A /* Resources */,
				37C50DAA24ABA5FE0024BC4B /* Models */,
				37C50D9624ABA36F0024BC4B /* AppDelegate.swift */,
				37C50D9824ABA36F0024BC4B /* SceneDelegate.swift */,
				37C50D9A24ABA36F0024BC4B /* ContentView.swift */,
				37C50DA124ABA3710024BC4B /* LaunchScreen.storyboard */,
				37C50DA424ABA3710024BC4B /* Info.plist */,
				37C50D9E24ABA3710024BC4B /* Preview Content */,
			);
			path = secretchat;
			sourceTree = "<group>";
		};
		37C50D9E24ABA3710024BC4B /* Preview Content */ = {
			isa = PBXGroup;
			children = (
				37C50D9F24ABA3710024BC4B /* Preview Assets.xcassets */,
			);
			path = "Preview Content";
			sourceTree = "<group>";
		};
		37C50DAA24ABA5FE0024BC4B /* Models */ = {
			isa = PBXGroup;
			children = (
				37C50DAB24ABA6440024BC4B /* CustomInputField.swift */,
				37DC47E224AC755D00FA8459 /* CustomDivider.swift */,
				37C5C9AF24ACBC4E00EB1558 /* CustomButton.swift */,
			);
			path = Models;
			sourceTree = "<group>";
		};
		37DC47E424AC7FEC00FA8459 /* Images */ = {
			isa = PBXGroup;
			children = (
				3754E8C824AE182F0053EF3B /* logo.png */,
				3754E8CA24AE1C8E0053EF3B /* logo-dark.png */,
				3754E8C624AE12550053EF3B /* google-logo.png */,
				3754E8C424AE114D0053EF3B /* facebook-logo.png */,
			);
			path = Images;
			sourceTree = "<group>";
		};
/* End PBXGroup section */

/* Begin PBXNativeTarget section */
		37C50D9224ABA36F0024BC4B /* secretchat */ = {
			isa = PBXNativeTarget;
			buildConfigurationList = 37C50DA724ABA3710024BC4B /* Build configuration list for PBXNativeTarget "secretchat" */;
			buildPhases = (
				37C50D8F24ABA36F0024BC4B /* Sources */,
				37C50D9024ABA36F0024BC4B /* Frameworks */,
				37C50D9124ABA36F0024BC4B /* Resources */,
			);
			buildRules = (
			);
			dependencies = (
			);
			name = secretchat;
			productName = secretchat;
			productReference = 37C50D9324ABA36F0024BC4B /* secretchat.app */;
			productType = "com.apple.product-type.application";
		};
/* End PBXNativeTarget section */

/* Begin PBXProject section */
		37C50D8B24ABA36F0024BC4B /* Project object */ = {
			isa = PBXProject;
			attributes = {
				LastSwiftUpdateCheck = 1160;
				LastUpgradeCheck = 1160;
				ORGANIZATIONNAME = "Secret Chat";
				TargetAttributes = {
					37C50D9224ABA36F0024BC4B = {
						CreatedOnToolsVersion = 11.6;
					};
				};
			};
			buildConfigurationList = 37C50D8E24ABA36F0024BC4B /* Build configuration list for PBXProject "secretchat" */;
			compatibilityVersion = "Xcode 9.3";
			developmentRegion = en;
			hasScannedForEncodings = 0;
			knownRegions = (
				en,
				Base,
			);
			mainGroup = 37C50D8A24ABA36F0024BC4B;
			productRefGroup = 37C50D9424ABA36F0024BC4B /* Products */;
			projectDirPath = "";
			projectRoot = "";
			targets = (
				37C50D9224ABA36F0024BC4B /* secretchat */,
			);
		};
/* End PBXProject section */

/* Begin PBXResourcesBuildPhase section */
		37C50D9124ABA36F0024BC4B /* Resources */ = {
			isa = PBXResourcesBuildPhase;
			buildActionMask = 2147483647;
			files = (
				3754E8CB24AE1C8E0053EF3B /* logo-dark.png in Resources */,
				37C50DA324ABA3710024BC4B /* LaunchScreen.storyboard in Resources */,
				3754E8C524AE114D0053EF3B /* facebook-logo.png in Resources */,
				375EA2A824AC5FBD00869C9A /* Colors.xcassets in Resources */,
				3754E8C724AE12550053EF3B /* google-logo.png in Resources */,
				3754E8C924AE182F0053EF3B /* logo.png in Resources */,
				37C50DA024ABA3710024BC4B /* Preview Assets.xcassets in Resources */,
				37C50D9D24ABA3710024BC4B /* Assets.xcassets in Resources */,
			);
			runOnlyForDeploymentPostprocessing = 0;
		};
/* End PBXResourcesBuildPhase section */

/* Begin PBXSourcesBuildPhase section */
		37C50D8F24ABA36F0024BC4B /* Sources */ = {
			isa = PBXSourcesBuildPhase;
			buildActionMask = 2147483647;
			files = (
				37C50DAC24ABA6440024BC4B /* CustomInputField.swift in Sources */,
				37C50D9724ABA36F0024BC4B /* AppDelegate.swift in Sources */,
				37DC47E324AC755D00FA8459 /* CustomDivider.swift in Sources */,
				37C50D9924ABA36F0024BC4B /* SceneDelegate.swift in Sources */,
				37C5C9B024ACBC4E00EB1558 /* CustomButton.swift in Sources */,
				37C50DAE24ABAAAA0024BC4B /* LoginPageView.swift in Sources */,
				3716014324AF4D6600ABFD9A /* RegisterPageView.swift in Sources */,
				37C50D9B24ABA36F0024BC4B /* ContentView.swift in Sources */,
			);
			runOnlyForDeploymentPostprocessing = 0;
		};
/* End PBXSourcesBuildPhase section */

/* Begin PBXVariantGroup section */
		37C50DA124ABA3710024BC4B /* LaunchScreen.storyboard */ = {
			isa = PBXVariantGroup;
			children = (
				37C50DA224ABA3710024BC4B /* Base */,
			);
			name = LaunchScreen.storyboard;
			sourceTree = "<group>";
		};
/* End PBXVariantGroup section */

/* Begin XCBuildConfiguration section */
		37C50DA524ABA3710024BC4B /* Debug */ = {
			isa = XCBuildConfiguration;
			buildSettings = {
				ALWAYS_SEARCH_USER_PATHS = NO;
				CLANG_ANALYZER_NONNULL = YES;
				CLANG_ANALYZER_NUMBER_OBJECT_CONVERSION = YES_AGGRESSIVE;
				CLANG_CXX_LANGUAGE_STANDARD = "gnu++14";
				CLANG_CXX_LIBRARY = "libc++";
				CLANG_ENABLE_MODULES = YES;
				CLANG_ENABLE_OBJC_ARC = YES;
				CLANG_ENABLE_OBJC_WEAK = YES;
				CLANG_WARN_BLOCK_CAPTURE_AUTORELEASING = YES;
				CLANG_WARN_BOOL_CONVERSION = YES;
				CLANG_WARN_COMMA = YES;
				CLANG_WARN_CONSTANT_CONVERSION = YES;
				CLANG_WARN_DEPRECATED_OBJC_IMPLEMENTATIONS = YES;
				CLANG_WARN_DIRECT_OBJC_ISA_USAGE = YES_ERROR;
				CLANG_WARN_DOCUMENTATION_COMMENTS = YES;
				CLANG_WARN_EMPTY_BODY = YES;
				CLANG_WARN_ENUM_CONVERSION = YES;
				CLANG_WARN_INFINITE_RECURSION = YES;
				CLANG_WARN_INT_CONVERSION = YES;
				CLANG_WARN_NON_LITERAL_NULL_CONVERSION = YES;
				CLANG_WARN_OBJC_IMPLICIT_RETAIN_SELF = YES;
				CLANG_WARN_OBJC_LITERAL_CONVERSION = YES;
				CLANG_WARN_OBJC_ROOT_CLASS = YES_ERROR;
				CLANG_WARN_RANGE_LOOP_ANALYSIS = YES;
				CLANG_WARN_STRICT_PROTOTYPES = YES;
				CLANG_WARN_SUSPICIOUS_MOVE = YES;
				CLANG_WARN_UNGUARDED_AVAILABILITY = YES_AGGRESSIVE;
				CLANG_WARN_UNREACHABLE_CODE = YES;
				CLANG_WARN__DUPLICATE_METHOD_MATCH = YES;
				COPY_PHASE_STRIP = NO;
				DEBUG_INFORMATION_FORMAT = dwarf;
				ENABLE_STRICT_OBJC_MSGSEND = YES;
				ENABLE_TESTABILITY = YES;
				GCC_C_LANGUAGE_STANDARD = gnu11;
				GCC_DYNAMIC_NO_PIC = NO;
				GCC_NO_COMMON_BLOCKS = YES;
				GCC_OPTIMIZATION_LEVEL = 0;
				GCC_PREPROCESSOR_DEFINITIONS = (
					"DEBUG=1",
					"$(inherited)",
				);
				GCC_WARN_64_TO_32_BIT_CONVERSION = YES;
				GCC_WARN_ABOUT_RETURN_TYPE = YES_ERROR;
				GCC_WARN_UNDECLARED_SELECTOR = YES;
				GCC_WARN_UNINITIALIZED_AUTOS = YES_AGGRESSIVE;
				GCC_WARN_UNUSED_FUNCTION = YES;
				GCC_WARN_UNUSED_VARIABLE = YES;
				IPHONEOS_DEPLOYMENT_TARGET = 13.6;
				MTL_ENABLE_DEBUG_INFO = INCLUDE_SOURCE;
				MTL_FAST_MATH = YES;
				ONLY_ACTIVE_ARCH = YES;
				SDKROOT = iphoneos;
				SWIFT_ACTIVE_COMPILATION_CONDITIONS = DEBUG;
				SWIFT_OPTIMIZATION_LEVEL = "-Onone";
			};
			name = Debug;
		};
		37C50DA624ABA3710024BC4B /* Release */ = {
			isa = XCBuildConfiguration;
			buildSettings = {
				ALWAYS_SEARCH_USER_PATHS = NO;
				CLANG_ANALYZER_NONNULL = YES;
				CLANG_ANALYZER_NUMBER_OBJECT_CONVERSION = YES_AGGRESSIVE;
				CLANG_CXX_LANGUAGE_STANDARD = "gnu++14";
				CLANG_CXX_LIBRARY = "libc++";
				CLANG_ENABLE_MODULES = YES;
				CLANG_ENABLE_OBJC_ARC = YES;
				CLANG_ENABLE_OBJC_WEAK = YES;
				CLANG_WARN_BLOCK_CAPTURE_AUTORELEASING = YES;
				CLANG_WARN_BOOL_CONVERSION = YES;
				CLANG_WARN_COMMA = YES;
				CLANG_WARN_CONSTANT_CONVERSION = YES;
				CLANG_WARN_DEPRECATED_OBJC_IMPLEMENTATIONS = YES;
				CLANG_WARN_DIRECT_OBJC_ISA_USAGE = YES_ERROR;
				CLANG_WARN_DOCUMENTATION_COMMENTS = YES;
				CLANG_WARN_EMPTY_BODY = YES;
				CLANG_WARN_ENUM_CONVERSION = YES;
				CLANG_WARN_INFINITE_RECURSION = YES;
				CLANG_WARN_INT_CONVERSION = YES;
				CLANG_WARN_NON_LITERAL_NULL_CONVERSION = YES;
				CLANG_WARN_OBJC_IMPLICIT_RETAIN_SELF = YES;
				CLANG_WARN_OBJC_LITERAL_CONVERSION = YES;
				CLANG_WARN_OBJC_ROOT_CLASS = YES_ERROR;
				CLANG_WARN_RANGE_LOOP_ANALYSIS = YES;
				CLANG_WARN_STRICT_PROTOTYPES = YES;
				CLANG_WARN_SUSPICIOUS_MOVE = YES;
				CLANG_WARN_UNGUARDED_AVAILABILITY = YES_AGGRESSIVE;
				CLANG_WARN_UNREACHABLE_CODE = YES;
				CLANG_WARN__DUPLICATE_METHOD_MATCH = YES;
				COPY_PHASE_STRIP = NO;
				DEBUG_INFORMATION_FORMAT = "dwarf-with-dsym";
				ENABLE_NS_ASSERTIONS = NO;
				ENABLE_STRICT_OBJC_MSGSEND = YES;
				GCC_C_LANGUAGE_STANDARD = gnu11;
				GCC_NO_COMMON_BLOCKS = YES;
				GCC_WARN_64_TO_32_BIT_CONVERSION = YES;
				GCC_WARN_ABOUT_RETURN_TYPE = YES_ERROR;
				GCC_WARN_UNDECLARED_SELECTOR = YES;
				GCC_WARN_UNINITIALIZED_AUTOS = YES_AGGRESSIVE;
				GCC_WARN_UNUSED_FUNCTION = YES;
				GCC_WARN_UNUSED_VARIABLE = YES;
				IPHONEOS_DEPLOYMENT_TARGET = 13.6;
				MTL_ENABLE_DEBUG_INFO = NO;
				MTL_FAST_MATH = YES;
				SDKROOT = iphoneos;
				SWIFT_COMPILATION_MODE = wholemodule;
				SWIFT_OPTIMIZATION_LEVEL = "-O";
				VALIDATE_PRODUCT = YES;
			};
			name = Release;
		};
		37C50DA824ABA3710024BC4B /* Debug */ = {
			isa = XCBuildConfiguration;
			buildSettings = {
				ASSETCATALOG_COMPILER_APPICON_NAME = AppIcon;
				CODE_SIGN_STYLE = Automatic;
				DEVELOPMENT_ASSET_PATHS = "\"secretchat/Preview Content\"";
				DEVELOPMENT_TEAM = 2D5NF24DJ4;
				ENABLE_PREVIEWS = YES;
				INFOPLIST_FILE = secretchat/Info.plist;
				IPHONEOS_DEPLOYMENT_TARGET = 13.5;
				LD_RUNPATH_SEARCH_PATHS = (
					"$(inherited)",
					"@executable_path/Frameworks",
				);
				PRODUCT_BUNDLE_IDENTIFIER = org.chris.liu.secretchat;
				PRODUCT_NAME = "$(TARGET_NAME)";
				SWIFT_VERSION = 5.0;
				TARGETED_DEVICE_FAMILY = "1,2";
			};
			name = Debug;
		};
		37C50DA924ABA3710024BC4B /* Release */ = {
			isa = XCBuildConfiguration;
			buildSettings = {
				ASSETCATALOG_COMPILER_APPICON_NAME = AppIcon;
				CODE_SIGN_STYLE = Automatic;
				DEVELOPMENT_ASSET_PATHS = "\"secretchat/Preview Content\"";
				DEVELOPMENT_TEAM = 2D5NF24DJ4;
				ENABLE_PREVIEWS = YES;
				INFOPLIST_FILE = secretchat/Info.plist;
				IPHONEOS_DEPLOYMENT_TARGET = 13.5;
				LD_RUNPATH_SEARCH_PATHS = (
					"$(inherited)",
					"@executable_path/Frameworks",
				);
				PRODUCT_BUNDLE_IDENTIFIER = org.chris.liu.secretchat;
				PRODUCT_NAME = "$(TARGET_NAME)";
				SWIFT_VERSION = 5.0;
				TARGETED_DEVICE_FAMILY = "1,2";
			};
			name = Release;
		};
/* End XCBuildConfiguration section */

/* Begin XCConfigurationList section */
		37C50D8E24ABA36F0024BC4B /* Build configuration list for PBXProject "secretchat" */ = {
			isa = XCConfigurationList;
			buildConfigurations = (
				37C50DA524ABA3710024BC4B /* Debug */,
				37C50DA624ABA3710024BC4B /* Release */,
			);
			defaultConfigurationIsVisible = 0;
			defaultConfigurationName = Release;
		};
		37C50DA724ABA3710024BC4B /* Build configuration list for PBXNativeTarget "secretchat" */ = {
			isa = XCConfigurationList;
			buildConfigurations = (
				37C50DA824ABA3710024BC4B /* Debug */,
				37C50DA924ABA3710024BC4B /* Release */,
			);
			defaultConfigurationIsVisible = 0;
			defaultConfigurationName = Release;
		};
/* End XCConfigurationList section */
	};
	rootObject = 37C50D8B24ABA36F0024BC4B /* Project object */;
}
